
Microsoft Visual Studio Solution File, Format Version 12.00
# Visual Studio Version 17
VisualStudioVersion = 17.0.31903.59
MinimumVisualStudioVersion = 10.0.40219.1
Project("{FAE04EC0-301F-11D3-BF4B-00C04F79EFBC}") = "sk-aifoundry-multiagent", "sk-aifoundry-multiagent.csproj", "{0DCFE36A-3DB2-B472-B199-352D5D63D10A}"
EndProject
Global
	GlobalSection(SolutionConfigurationPlatforms) = preSolution
		Debug|Any CPU = Debug|Any CPU
		Release|Any CPU = Release|Any CPU
	EndGlobalSection
	GlobalSection(ProjectConfigurationPlatforms) = postSolution
		{0DCFE36A-3DB2-B472-B199-352D5D63D10A}.Debug|Any CPU.ActiveCfg = Debug|Any CPU
		{0DCFE36A-3DB2-B472-B199-352D5D63D10A}.Debug|Any CPU.Build.0 = Debug|Any CPU
		{0DCFE36A-3DB2-B472-B199-352D5D63D10A}.Release|Any CPU.ActiveCfg = Release|Any CPU
		{0DCFE36A-3DB2-B472-B199-352D5D63D10A}.Release|Any CPU.Build.0 = Release|Any CPU
	EndGlobalSection
	GlobalSection(SolutionProperties) = preSolution
		HideSolutionNode = FALSE
	EndGlobalSection
	GlobalSection(ExtensibilityGlobals) = postSolution
		SolutionGuid = {282108FB-F5E1-43BD-8EE2-528A0E436A55}
	EndGlobalSection
EndGlobal
